# THIS IS AN AUTOGENERATED FILE. DO NOT EDIT THIS FILE DIRECTLY.
# yarn lockfile v1


fast-json-patch@^3.0.0-1:
  version "3.0.0-1"
  resolved "https://registry.yarnpkg.com/fast-json-patch/-/fast-json-patch-3.0.0-1.tgz#4c68f2e7acfbab6d29d1719c44be51899c93dabb"
  integrity sha512-6pdFb07cknxvPzCeLsFHStEy+MysPJPgZQ9LbQ/2O67unQF93SNqfdSqnPPl71YMHX+AD8gbl7iuoGFzHEdDuw==
